
Microsoft Visual Studio Solution File, Format Version 12.00
# Visual Studio Version 16
VisualStudioVersion = 16.0.29411.108
MinimumVisualStudioVersion = 10.0.40219.1
Project("{2150E333-8FDC-42A3-9474-1A3956D46DE8}") = "src", "src", "{84342DE9-9E61-4802-9E77-305CFFD0D2B5}"
EndProject
Project("{2150E333-8FDC-42A3-9474-1A3956D46DE8}") = "test", "test", "{F5A0A932-DD02-47C1-B81E-3F34F879FEEF}"
EndProject
Project("{9A19103F-16F7-4668-BE54-9A1E7A4F7556}") = "Serilog.Enrichers.ClientInfo", "src\Serilog.Enrichers.ClientInfo\Serilog.Enrichers.ClientInfo.csproj", "{232EFC21-2E8D-44B0-8506-C0DCE122AAA2}"
EndProject
Project("{FAE04EC0-301F-11D3-BF4B-00C04F79EFBC}") = "Serilog.Enrichers.ClientInfo.Tests", "test\Serilog.Enrichers.ClientInfo.Tests\Serilog.Enrichers.ClientInfo.Tests.csproj", "{A6AFC898-47F8-4F6D-9391-C79689885B7A}"
EndProject
Global
	GlobalSection(SolutionConfigurationPlatforms) = preSolution
		Debug|Any CPU = Debug|Any CPU
		Release|Any CPU = Release|Any CPU
	EndGlobalSection
	GlobalSection(ProjectConfigurationPlatforms) = postSolution
		{232EFC21-2E8D-44B0-8506-C0DCE122AAA2}.Debug|Any CPU.ActiveCfg = Debug|Any CPU
		{232EFC21-2E8D-44B0-8506-C0DCE122AAA2}.Debug|Any CPU.Build.0 = Debug|Any CPU
		{232EFC21-2E8D-44B0-8506-C0DCE122AAA2}.Release|Any CPU.ActiveCfg = Release|Any CPU
		{232EFC21-2E8D-44B0-8506-C0DCE122AAA2}.Release|Any CPU.Build.0 = Release|Any CPU
		{A6AFC898-47F8-4F6D-9391-C79689885B7A}.Debug|Any CPU.ActiveCfg = Debug|Any CPU
		{A6AFC898-47F8-4F6D-9391-C79689885B7A}.Debug|Any CPU.Build.0 = Debug|Any CPU
		{A6AFC898-47F8-4F6D-9391-C79689885B7A}.Release|Any CPU.ActiveCfg = Release|Any CPU
		{A6AFC898-47F8-4F6D-9391-C79689885B7A}.Release|Any CPU.Build.0 = Release|Any CPU
	EndGlobalSection
	GlobalSection(SolutionProperties) = preSolution
		HideSolutionNode = FALSE
	EndGlobalSection
	GlobalSection(NestedProjects) = preSolution
		{232EFC21-2E8D-44B0-8506-C0DCE122AAA2} = {84342DE9-9E61-4802-9E77-305CFFD0D2B5}
		{A6AFC898-47F8-4F6D-9391-C79689885B7A} = {F5A0A932-DD02-47C1-B81E-3F34F879FEEF}
	EndGlobalSection
	GlobalSection(ExtensibilityGlobals) = postSolution
		SolutionGuid = {785F0E90-8DC5-4003-AD7A-33DE806F3B3A}
	EndGlobalSection
EndGlobal
