
Microsoft Visual Studio Solution File, Format Version 12.00
# Visual Studio Version 17
VisualStudioVersion = 17.1.32210.238
MinimumVisualStudioVersion = 10.0.40219.1
Project("{2150E333-8FDC-42A3-9474-1A3956D46DE8}") = "src", "src", "{84342DE9-9E61-4802-9E77-305CFFD0D2B5}"
EndProject
Project("{2150E333-8FDC-42A3-9474-1A3956D46DE8}") = "test", "test", "{F5A0A932-DD02-47C1-B81E-3F34F879FEEF}"
EndProject
Project("{9A19103F-16F7-4668-BE54-9A1E7A4F7556}") = "Serilog.Enrichers.ClientInfo", "src\Serilog.Enrichers.ClientInfo\Serilog.Enrichers.ClientInfo.csproj", "{232EFC21-2E8D-44B0-8506-C0DCE122AAA2}"
EndProject
Project("{9A19103F-16F7-4668-BE54-9A1E7A4F7556}") = "Serilog.Enrichers.ClientInfo.Tests", "test\Serilog.Enrichers.ClientInfo.Tests\Serilog.Enrichers.ClientInfo.Tests.csproj", "{A6AFC898-47F8-4F6D-9391-C79689885B7A}"
EndProject
Project("{2150E333-8FDC-42A3-9474-1A3956D46DE8}") = "assets", "assets", "{931596BA-056D-4E8C-9FED-6C60C0D1AB83}"
	ProjectSection(SolutionItems) = preProject
		.gitignore = .gitignore
		LICENSE = LICENSE
		README.md = README.md
		Serilog.Enrichers.ClientInfo.nuspec = Serilog.Enrichers.ClientInfo.nuspec
	EndProjectSection
EndProject
Project("{2150E333-8FDC-42A3-9474-1A3956D46DE8}") = "sample", "sample", "{A170BD74-8542-4880-BC6F-283D03C6AA6D}"
EndProject
Project("{9A19103F-16F7-4668-BE54-9A1E7A4F7556}") = "SampleWebApp", "sample\SampleWebApp\SampleWebApp.csproj", "{3C3C0104-969D-4FA3-B5DE-8A8A0A91E455}"
EndProject
Global
	GlobalSection(SolutionConfigurationPlatforms) = preSolution
		Debug|Any CPU = Debug|Any CPU
		Release|Any CPU = Release|Any CPU
	EndGlobalSection
	GlobalSection(ProjectConfigurationPlatforms) = postSolution
		{232EFC21-2E8D-44B0-8506-C0DCE122AAA2}.Debug|Any CPU.ActiveCfg = Debug|Any CPU
		{232EFC21-2E8D-44B0-8506-C0DCE122AAA2}.Debug|Any CPU.Build.0 = Debug|Any CPU
		{232EFC21-2E8D-44B0-8506-C0DCE122AAA2}.Release|Any CPU.ActiveCfg = Release|Any CPU
		{232EFC21-2E8D-44B0-8506-C0DCE122AAA2}.Release|Any CPU.Build.0 = Release|Any CPU
		{A6AFC898-47F8-4F6D-9391-C79689885B7A}.Debug|Any CPU.ActiveCfg = Debug|Any CPU
		{A6AFC898-47F8-4F6D-9391-C79689885B7A}.Debug|Any CPU.Build.0 = Debug|Any CPU
		{A6AFC898-47F8-4F6D-9391-C79689885B7A}.Release|Any CPU.ActiveCfg = Release|Any CPU
		{A6AFC898-47F8-4F6D-9391-C79689885B7A}.Release|Any CPU.Build.0 = Release|Any CPU
		{3C3C0104-969D-4FA3-B5DE-8A8A0A91E455}.Debug|Any CPU.ActiveCfg = Debug|Any CPU
		{3C3C0104-969D-4FA3-B5DE-8A8A0A91E455}.Debug|Any CPU.Build.0 = Debug|Any CPU
		{3C3C0104-969D-4FA3-B5DE-8A8A0A91E455}.Release|Any CPU.ActiveCfg = Release|Any CPU
		{3C3C0104-969D-4FA3-B5DE-8A8A0A91E455}.Release|Any CPU.Build.0 = Release|Any CPU
	EndGlobalSection
	GlobalSection(SolutionProperties) = preSolution
		HideSolutionNode = FALSE
	EndGlobalSection
	GlobalSection(NestedProjects) = preSolution
		{232EFC21-2E8D-44B0-8506-C0DCE122AAA2} = {84342DE9-9E61-4802-9E77-305CFFD0D2B5}
		{A6AFC898-47F8-4F6D-9391-C79689885B7A} = {F5A0A932-DD02-47C1-B81E-3F34F879FEEF}
		{3C3C0104-969D-4FA3-B5DE-8A8A0A91E455} = {A170BD74-8542-4880-BC6F-283D03C6AA6D}
	EndGlobalSection
	GlobalSection(ExtensibilityGlobals) = postSolution
		SolutionGuid = {785F0E90-8DC5-4003-AD7A-33DE806F3B3A}
	EndGlobalSection
EndGlobal
